// !$*UTF8*$!
{
	archiveVersion = 1;
	classes = {
	};
	objectVersion = 45;
	objects = {

/* Begin PBXBuildFile section */
		1D3623260D0F684500981E51 /* TabTest2AppDelegate.m in Sources */ = {isa = PBXBuildFile; fileRef = 1D3623250D0F684500981E51 /* TabTest2AppDelegate.m */; };
		1D60589B0D05DD56006BFB54 /* main.m in Sources */ = {isa = PBXBuildFile; fileRef = 29B97316FDCFA39411CA2CEA /* main.m */; };
		1D60589F0D05DD5A006BFB54 /* Foundation.framework in Frameworks */ = {isa = PBXBuildFile; fileRef = 1D30AB110D05D00D00671497 /* Foundation.framework */; };
		1DF5F4E00D08C38300B7A737 /* UIKit.framework in Frameworks */ = {isa = PBXBuildFile; fileRef = 1DF5F4DF0D08C38300B7A737 /* UIKit.framework */; };
		288765FD0DF74451002DB57D /* CoreGraphics.framework in Frameworks */ = {isa = PBXBuildFile; fileRef = 288765FC0DF74451002DB57D /* CoreGraphics.framework */; };
		28AD733F0D9D9553002E5188 /* MainWindow.xib in Resources */ = {isa = PBXBuildFile; fileRef = 28AD733E0D9D9553002E5188 /* MainWindow.xib */; };
		37A35CC713440EEA009BE4BD /* productListingController.m in Sources */ = {isa = PBXBuildFile; fileRef = 37A35CC613440EEA009BE4BD /* productListingController.m */; };
		37A35D0C1344343F009BE4BD /* mapping.m in Sources */ = {isa = PBXBuildFile; fileRef = 37A35D0B1344343F009BE4BD /* mapping.m */; };
		37A35D5413443EBC009BE4BD /* main.xib in Resources */ = {isa = PBXBuildFile; fileRef = 37A35D5313443EBC009BE4BD /* main.xib */; };
		37A35D5813443F8E009BE4BD /* MainWindow2.xib in Resources */ = {isa = PBXBuildFile; fileRef = 37A35D5713443F8E009BE4BD /* MainWindow2.xib */; };
		37D987481323D8B500698ACD /* webViewController.m in Sources */ = {isa = PBXBuildFile; fileRef = 37D987471323D8B500698ACD /* webViewController.m */; };
		37D9874B1323D8D200698ACD /* mapViewController.m in Sources */ = {isa = PBXBuildFile; fileRef = 37D9874A1323D8D200698ACD /* mapViewController.m */; };
		37D9874F1323D8EB00698ACD /* moreViewController.m in Sources */ = {isa = PBXBuildFile; fileRef = 37D9874E1323D8EB00698ACD /* moreViewController.m */; };
		37D987521323D91400698ACD /* productView.m in Sources */ = {isa = PBXBuildFile; fileRef = 37D987511323D91400698ACD /* productView.m */; };
		37D987801323F77200698ACD /* MapKit.framework in Frameworks */ = {isa = PBXBuildFile; fileRef = 37D9877F1323F77200698ACD /* MapKit.framework */; };
/* End PBXBuildFile section */

/* Begin PBXFileReference section */
		1D30AB110D05D00D00671497 /* Foundation.framework */ = {isa = PBXFileReference; lastKnownFileType = wrapper.framework; name = Foundation.framework; path = System/Library/Frameworks/Foundation.framework; sourceTree = SDKROOT; };
		1D3623240D0F684500981E51 /* TabTest2AppDelegate.h */ = {isa = PBXFileReference; fileEncoding = 4; lastKnownFileType = sourcecode.c.h; path = TabTest2AppDelegate.h; sourceTree = "<group>"; };
		1D3623250D0F684500981E51 /* TabTest2AppDelegate.m */ = {isa = PBXFileReference; fileEncoding = 4; lastKnownFileType = sourcecode.c.objc; path = TabTest2AppDelegate.m; sourceTree = "<group>"; };
		1D6058910D05DD3D006BFB54 /* TabTest2.app */ = {isa = PBXFileReference; explicitFileType = wrapper.application; includeInIndex = 0; path = TabTest2.app; sourceTree = BUILT_PRODUCTS_DIR; };
		1DF5F4DF0D08C38300B7A737 /* UIKit.framework */ = {isa = PBXFileReference; lastKnownFileType = wrapper.framework; name = UIKit.framework; path = System/Library/Frameworks/UIKit.framework; sourceTree = SDKROOT; };
		288765FC0DF74451002DB57D /* CoreGraphics.framework */ = {isa = PBXFileReference; lastKnownFileType = wrapper.framework; name = CoreGraphics.framework; path = System/Library/Frameworks/CoreGraphics.framework; sourceTree = SDKROOT; };
		28AD733E0D9D9553002E5188 /* MainWindow.xib */ = {isa = PBXFileReference; lastKnownFileType = file.xib; path = MainWindow.xib; sourceTree = "<group>"; };
		29B97316FDCFA39411CA2CEA /* main.m */ = {isa = PBXFileReference; fileEncoding = 4; lastKnownFileType = sourcecode.c.objc; path = main.m; sourceTree = "<group>"; };
		32CA4F630368D1EE00C91783 /* TabTest2_Prefix.pch */ = {isa = PBXFileReference; fileEncoding = 4; lastKnownFileType = sourcecode.c.h; path = TabTest2_Prefix.pch; sourceTree = "<group>"; };
		37A35CC513440EEA009BE4BD /* productListingController.h */ = {isa = PBXFileReference; fileEncoding = 4; lastKnownFileType = sourcecode.c.h; path = productListingController.h; sourceTree = "<group>"; };
		37A35CC613440EEA009BE4BD /* productListingController.m */ = {isa = PBXFileReference; fileEncoding = 4; lastKnownFileType = sourcecode.c.objc; path = productListingController.m; sourceTree = "<group>"; };
		37A35D0A1344343F009BE4BD /* mapping.h */ = {isa = PBXFileReference; fileEncoding = 4; lastKnownFileType = sourcecode.c.h; path = mapping.h; sourceTree = "<group>"; };
		37A35D0B1344343F009BE4BD /* mapping.m */ = {isa = PBXFileReference; fileEncoding = 4; lastKnownFileType = sourcecode.c.objc; path = mapping.m; sourceTree = "<group>"; };
		37A35D5313443EBC009BE4BD /* main.xib */ = {isa = PBXFileReference; lastKnownFileType = file.xib; path = main.xib; sourceTree = "<group>"; };
		37A35D5713443F8E009BE4BD /* MainWindow2.xib */ = {isa = PBXFileReference; lastKnownFileType = file.xib; path = MainWindow2.xib; sourceTree = "<group>"; };
		37D987461323D8B500698ACD /* webViewController.h */ = {isa = PBXFileReference; fileEncoding = 4; lastKnownFileType = sourcecode.c.h; path = webViewController.h; sourceTree = "<group>"; };
		37D987471323D8B500698ACD /* webViewController.m */ = {isa = PBXFileReference; fileEncoding = 4; lastKnownFileType = sourcecode.c.objc; path = webViewController.m; sourceTree = "<group>"; };
		37D987491323D8D200698ACD /* mapViewController.h */ = {isa = PBXFileReference; fileEncoding = 4; lastKnownFileType = sourcecode.c.h; path = mapViewController.h; sourceTree = "<group>"; };
		37D9874A1323D8D200698ACD /* mapViewController.m */ = {isa = PBXFileReference; fileEncoding = 4; lastKnownFileType = sourcecode.c.objc; path = mapViewController.m; sourceTree = "<group>"; };
		37D9874D1323D8EB00698ACD /* moreViewController.h */ = {isa = PBXFileReference; fileEncoding = 4; lastKnownFileType = sourcecode.c.h; path = moreViewController.h; sourceTree = "<group>"; };
		37D9874E1323D8EB00698ACD /* moreViewController.m */ = {isa = PBXFileReference; fileEncoding = 4; lastKnownFileType = sourcecode.c.objc; path = moreViewController.m; sourceTree = "<group>"; };
		37D987501323D91400698ACD /* productView.h */ = {isa = PBXFileReference; fileEncoding = 4; lastKnownFileType = sourcecode.c.h; path = productView.h; sourceTree = "<group>"; };
		37D987511323D91400698ACD /* productView.m */ = {isa = PBXFileReference; fileEncoding = 4; lastKnownFileType = sourcecode.c.objc; path = productView.m; sourceTree = "<group>"; };
		37D9877F1323F77200698ACD /* MapKit.framework */ = {isa = PBXFileReference; lastKnownFileType = wrapper.framework; name = MapKit.framework; path = System/Library/Frameworks/MapKit.framework; sourceTree = SDKROOT; };
		8D1107310486CEB800E47090 /* TabTest2-Info.plist */ = {isa = PBXFileReference; fileEncoding = 4; lastKnownFileType = text.plist.xml; path = "TabTest2-Info.plist"; plistStructureDefinitionIdentifier = "com.apple.xcode.plist.structure-definition.iphone.info-plist"; sourceTree = "<group>"; };
/* End PBXFileReference section */

/* Begin PBXFrameworksBuildPhase section */
		1D60588F0D05DD3D006BFB54 /* Frameworks */ = {
			isa = PBXFrameworksBuildPhase;
			buildActionMask = 2147483647;
			files = (
				1D60589F0D05DD5A006BFB54 /* Foundation.framework in Frameworks */,
				1DF5F4E00D08C38300B7A737 /* UIKit.framework in Frameworks */,
				288765FD0DF74451002DB57D /* CoreGraphics.framework in Frameworks */,
				37D987801323F77200698ACD /* MapKit.framework in Frameworks */,
			);
			runOnlyForDeploymentPostprocessing = 0;
		};
/* End PBXFrameworksBuildPhase section */

/* Begin PBXGroup section */
		080E96DDFE201D6D7F000001 /* Classes */ = {
			isa = PBXGroup;
			children = (
				37D9874C1323D8D700698ACD /* productView */,
				37D987531323D92900698ACD /* View2 */,
				37D987541323D93200698ACD /* view3 */,
				37D987551323D93D00698ACD /* view4 */,
				1D3623240D0F684500981E51 /* TabTest2AppDelegate.h */,
				1D3623250D0F684500981E51 /* TabTest2AppDelegate.m */,
				37A35D0D1344344C009BE4BD /* view5 */,
			);
			path = Classes;
			sourceTree = "<group>";
		};
		19C28FACFE9D520D11CA2CBB /* Products */ = {
			isa = PBXGroup;
			children = (
				1D6058910D05DD3D006BFB54 /* TabTest2.app */,
			);
			name = Products;
			sourceTree = "<group>";
		};
		29B97314FDCFA39411CA2CEA /* CustomTemplate */ = {
			isa = PBXGroup;
			children = (
				080E96DDFE201D6D7F000001 /* Classes */,
				29B97315FDCFA39411CA2CEA /* Other Sources */,
				29B97317FDCFA39411CA2CEA /* Resources */,
				29B97323FDCFA39411CA2CEA /* Frameworks */,
				19C28FACFE9D520D11CA2CBB /* Products */,
			);
			name = CustomTemplate;
			sourceTree = "<group>";
		};
		29B97315FDCFA39411CA2CEA /* Other Sources */ = {
			isa = PBXGroup;
			children = (
				32CA4F630368D1EE00C91783 /* TabTest2_Prefix.pch */,
				29B97316FDCFA39411CA2CEA /* main.m */,
			);
			name = "Other Sources";
			sourceTree = "<group>";
		};
		29B97317FDCFA39411CA2CEA /* Resources */ = {
			isa = PBXGroup;
			children = (
				28AD733E0D9D9553002E5188 /* MainWindow.xib */,
				8D1107310486CEB800E47090 /* TabTest2-Info.plist */,
				37A35D5313443EBC009BE4BD /* main.xib */,
				37A35D5713443F8E009BE4BD /* MainWindow2.xib */,
			);
			name = Resources;
			sourceTree = "<group>";
		};
		29B97323FDCFA39411CA2CEA /* Frameworks */ = {
			isa = PBXGroup;
			children = (
				1DF5F4DF0D08C38300B7A737 /* UIKit.framework */,
				1D30AB110D05D00D00671497 /* Foundation.framework */,
				288765FC0DF74451002DB57D /* CoreGraphics.framework */,
				37D9877F1323F77200698ACD /* MapKit.framework */,
			);
			name = Frameworks;
			sourceTree = "<group>";
		};
		37A35D0D1344344C009BE4BD /* view5 */ = {
			isa = PBXGroup;
			children = (
				37A35D0A1344343F009BE4BD /* mapping.h */,
				37A35D0B1344343F009BE4BD /* mapping.m */,
			);
			name = view5;
			sourceTree = "<group>";
		};
		37D9874C1323D8D700698ACD /* productView */ = {
			isa = PBXGroup;
			children = (
				37D987511323D91400698ACD /* productView.m */,
				37A35CC513440EEA009BE4BD /* productListingController.h */,
				37A35CC613440EEA009BE4BD /* productListingController.m */,
				37D987501323D91400698ACD /* productView.h */,
			);
			name = productView;
			sourceTree = "<group>";
		};
		37D987531323D92900698ACD /* View2 */ = {
			isa = PBXGroup;
			children = (
				37D987461323D8B500698ACD /* webViewController.h */,
				37D987471323D8B500698ACD /* webViewController.m */,
			);
			name = View2;
			sourceTree = "<group>";
		};
		37D987541323D93200698ACD /* view3 */ = {
			isa = PBXGroup;
			children = (
				37D987491323D8D200698ACD /* mapViewController.h */,
				37D9874A1323D8D200698ACD /* mapViewController.m */,
			);
			name = view3;
			sourceTree = "<group>";
		};
		37D987551323D93D00698ACD /* view4 */ = {
			isa = PBXGroup;
			children = (
				37D9874D1323D8EB00698ACD /* moreViewController.h */,
				37D9874E1323D8EB00698ACD /* moreViewController.m */,
			);
			name = view4;
			sourceTree = "<group>";
		};
/* End PBXGroup section */

/* Begin PBXNativeTarget section */
		1D6058900D05DD3D006BFB54 /* TabTest2 */ = {
			isa = PBXNativeTarget;
			buildConfigurationList = 1D6058960D05DD3E006BFB54 /* Build configuration list for PBXNativeTarget "TabTest2" */;
			buildPhases = (
				1D60588D0D05DD3D006BFB54 /* Resources */,
				1D60588E0D05DD3D006BFB54 /* Sources */,
				1D60588F0D05DD3D006BFB54 /* Frameworks */,
			);
			buildRules = (
			);
			dependencies = (
			);
			name = TabTest2;
			productName = TabTest2;
			productReference = 1D6058910D05DD3D006BFB54 /* TabTest2.app */;
			productType = "com.apple.product-type.application";
		};
/* End PBXNativeTarget section */

/* Begin PBXProject section */
		29B97313FDCFA39411CA2CEA /* Project object */ = {
			isa = PBXProject;
			buildConfigurationList = C01FCF4E08A954540054247B /* Build configuration list for PBXProject "TabTest2" */;
			compatibilityVersion = "Xcode 3.1";
			developmentRegion = English;
			hasScannedForEncodings = 1;
			knownRegions = (
				English,
				Japanese,
				French,
				German,
			);
			mainGroup = 29B97314FDCFA39411CA2CEA /* CustomTemplate */;
			projectDirPath = "";
			projectRoot = "";
			targets = (
				1D6058900D05DD3D006BFB54 /* TabTest2 */,
			);
		};
/* End PBXProject section */

/* Begin PBXResourcesBuildPhase section */
		1D60588D0D05DD3D006BFB54 /* Resources */ = {
			isa = PBXResourcesBuildPhase;
			buildActionMask = 2147483647;
			files = (
				28AD733F0D9D9553002E5188 /* MainWindow.xib in Resources */,
				37A35D5413443EBC009BE4BD /* main.xib in Resources */,
				37A35D5813443F8E009BE4BD /* MainWindow2.xib in Resources */,
			);
			runOnlyForDeploymentPostprocessing = 0;
		};
/* End PBXResourcesBuildPhase section */

/* Begin PBXSourcesBuildPhase section */
		1D60588E0D05DD3D006BFB54 /* Sources */ = {
			isa = PBXSourcesBuildPhase;
			buildActionMask = 2147483647;
			files = (
				1D60589B0D05DD56006BFB54 /* main.m in Sources */,
				1D3623260D0F684500981E51 /* TabTest2AppDelegate.m in Sources */,
				37D987481323D8B500698ACD /* webViewController.m in Sources */,
				37D9874B1323D8D200698ACD /* mapViewController.m in Sources */,
				37D9874F1323D8EB00698ACD /* moreViewController.m in Sources */,
				37D987521323D91400698ACD /* productView.m in Sources */,
				37A35CC713440EEA009BE4BD /* productListingController.m in Sources */,
				37A35D0C1344343F009BE4BD /* mapping.m in Sources */,
			);
			runOnlyForDeploymentPostprocessing = 0;
		};
/* End PBXSourcesBuildPhase section */

/* Begin XCBuildConfiguration section */
		1D6058940D05DD3E006BFB54 /* Debug */ = {
			isa = XCBuildConfiguration;
			buildSettings = {
				ALWAYS_SEARCH_USER_PATHS = NO;
				COPY_PHASE_STRIP = NO;
				GCC_DYNAMIC_NO_PIC = NO;
				GCC_OPTIMIZATION_LEVEL = 0;
				GCC_PRECOMPILE_PREFIX_HEADER = YES;
				GCC_PREFIX_HEADER = TabTest2_Prefix.pch;
				INFOPLIST_FILE = "TabTest2-Info.plist";
				PRODUCT_NAME = TabTest2;
			};
			name = Debug;
		};
		1D6058950D05DD3E006BFB54 /* Release */ = {
			isa = XCBuildConfiguration;
			buildSettings = {
				ALWAYS_SEARCH_USER_PATHS = NO;
				COPY_PHASE_STRIP = YES;
				GCC_PRECOMPILE_PREFIX_HEADER = YES;
				GCC_PREFIX_HEADER = TabTest2_Prefix.pch;
				INFOPLIST_FILE = "TabTest2-Info.plist";
				PRODUCT_NAME = TabTest2;
				VALIDATE_PRODUCT = YES;
			};
			name = Release;
		};
		C01FCF4F08A954540054247B /* Debug */ = {
			isa = XCBuildConfiguration;
			buildSettings = {
				ARCHS = "$(ARCHS_STANDARD_32_BIT)";
				"CODE_SIGN_IDENTITY[sdk=iphoneos*]" = "iPhone Developer";
				GCC_C_LANGUAGE_STANDARD = c99;
				GCC_WARN_ABOUT_RETURN_TYPE = YES;
				GCC_WARN_UNUSED_VARIABLE = YES;
				PREBINDING = NO;
				SDKROOT = iphoneos4.1;
			};
			name = Debug;
		};
		C01FCF5008A954540054247B /* Release */ = {
			isa = XCBuildConfiguration;
			buildSettings = {
				ARCHS = "$(ARCHS_STANDARD_32_BIT)";
				"CODE_SIGN_IDENTITY[sdk=iphoneos*]" = "iPhone Developer";
				GCC_C_LANGUAGE_STANDARD = c99;
				GCC_WARN_ABOUT_RETURN_TYPE = YES;
				GCC_WARN_UNUSED_VARIABLE = YES;
				OTHER_CFLAGS = "-DNS_BLOCK_ASSERTIONS=1";
				PREBINDING = NO;
				SDKROOT = iphoneos4.1;
			};
			name = Release;
		};
/* End XCBuildConfiguration section */

/* Begin XCConfigurationList section */
		1D6058960D05DD3E006BFB54 /* Build configuration list for PBXNativeTarget "TabTest2" */ = {
			isa = XCConfigurationList;
			buildConfigurations = (
				1D6058940D05DD3E006BFB54 /* Debug */,
				1D6058950D05DD3E006BFB54 /* Release */,
			);
			defaultConfigurationIsVisible = 0;
			defaultConfigurationName = Release;
		};
		C01FCF4E08A954540054247B /* Build configuration list for PBXProject "TabTest2" */ = {
			isa = XCConfigurationList;
			buildConfigurations = (
				C01FCF4F08A954540054247B /* Debug */,
				C01FCF5008A954540054247B /* Release */,
			);
			defaultConfigurationIsVisible = 0;
			defaultConfigurationName = Release;
		};
/* End XCConfigurationList section */
	};
	rootObject = 29B97313FDCFA39411CA2CEA /* Project object */;
}
